// !$*UTF8*$!
{
	archiveVersion = 1;
	classes = {
	};
	objectVersion = 46;
	objects = {

/* Begin PBXBuildFile section */
		38069AC71BC308010073FB6E /* AppDelegate.swift in Sources */ = {isa = PBXBuildFile; fileRef = 38069AC61BC308010073FB6E /* AppDelegate.swift */; };
		38069AC91BC308010073FB6E /* ViewController.swift in Sources */ = {isa = PBXBuildFile; fileRef = 38069AC81BC308010073FB6E /* ViewController.swift */; };
		38069ACC1BC308010073FB6E /* Main.storyboard in Resources */ = {isa = PBXBuildFile; fileRef = 38069ACA1BC308010073FB6E /* Main.storyboard */; };
		38069ACE1BC308010073FB6E /* Assets.xcassets in Resources */ = {isa = PBXBuildFile; fileRef = 38069ACD1BC308010073FB6E /* Assets.xcassets */; };
		38069AD11BC308010073FB6E /* LaunchScreen.storyboard in Resources */ = {isa = PBXBuildFile; fileRef = 38069ACF1BC308010073FB6E /* LaunchScreen.storyboard */; };
/* End PBXBuildFile section */

/* Begin PBXFileReference section */
		38069AC31BC308010073FB6E /* CS407-Lab5.app */ = {isa = PBXFileReference; explicitFileType = wrapper.application; includeInIndex = 0; path = "CS407-Lab5.app"; sourceTree = BUILT_PRODUCTS_DIR; };
		38069AC61BC308010073FB6E /* AppDelegate.swift */ = {isa = PBXFileReference; lastKnownFileType = sourcecode.swift; path = AppDelegate.swift; sourceTree = "<group>"; };
		38069AC81BC308010073FB6E /* ViewController.swift */ = {isa = PBXFileReference; lastKnownFileType = sourcecode.swift; path = ViewController.swift; sourceTree = "<group>"; };
		38069ACB1BC308010073FB6E /* Base */ = {isa = PBXFileReference; lastKnownFileType = file.storyboard; name = Base; path = Base.lproj/Main.storyboard; sourceTree = "<group>"; };
		38069ACD1BC308010073FB6E /* Assets.xcassets */ = {isa = PBXFileReference; lastKnownFileType = folder.assetcatalog; path = Assets.xcassets; sourceTree = "<group>"; };
		38069AD01BC308010073FB6E /* Base */ = {isa = PBXFileReference; lastKnownFileType = file.storyboard; name = Base; path = Base.lproj/LaunchScreen.storyboard; sourceTree = "<group>"; };
		38069AD21BC308010073FB6E /* Info.plist */ = {isa = PBXFileReference; lastKnownFileType = text.plist.xml; path = Info.plist; sourceTree = "<group>"; };
/* End PBXFileReference section */

/* Begin PBXFrameworksBuildPhase section */
		38069AC01BC308010073FB6E /* Frameworks */ = {
			isa = PBXFrameworksBuildPhase;
			buildActionMask = 2147483647;
			files = (
			);
			runOnlyForDeploymentPostprocessing = 0;
		};
/* End PBXFrameworksBuildPhase section */

/* Begin PBXGroup section */
		38069ABA1BC308010073FB6E = {
			isa = PBXGroup;
			children = (
				38069AC51BC308010073FB6E /* CS407-Lab5 */,
				38069AC41BC308010073FB6E /* Products */,
			);
			sourceTree = "<group>";
		};
		38069AC41BC308010073FB6E /* Products */ = {
			isa = PBXGroup;
			children = (
				38069AC31BC308010073FB6E /* CS407-Lab5.app */,
			);
			name = Products;
			sourceTree = "<group>";
		};
		38069AC51BC308010073FB6E /* CS407-Lab5 */ = {
			isa = PBXGroup;
			children = (
				38069AC61BC308010073FB6E /* AppDelegate.swift */,
				38069AC81BC308010073FB6E /* ViewController.swift */,
				38069ACA1BC308010073FB6E /* Main.storyboard */,
				38069ACD1BC308010073FB6E /* Assets.xcassets */,
				38069ACF1BC308010073FB6E /* LaunchScreen.storyboard */,
				38069AD21BC308010073FB6E /* Info.plist */,
			);
			path = "CS407-Lab5";
			sourceTree = "<group>";
		};
/* End PBXGroup section */

/* Begin PBXNativeTarget section */
		38069AC21BC308010073FB6E /* CS407-Lab5 */ = {
			isa = PBXNativeTarget;
			buildConfigurationList = 38069AD51BC308010073FB6E /* Build configuration list for PBXNativeTarget "CS407-Lab5" */;
			buildPhases = (
				38069ABF1BC308010073FB6E /* Sources */,
				38069AC01BC308010073FB6E /* Frameworks */,
				38069AC11BC308010073FB6E /* Resources */,
			);
			buildRules = (
			);
			dependencies = (
			);
			name = "CS407-Lab5";
			productName = "CS407-Lab5";
			productReference = 38069AC31BC308010073FB6E /* CS407-Lab5.app */;
			productType = "com.apple.product-type.application";
		};
/* End PBXNativeTarget section */

/* Begin PBXProject section */
		38069ABB1BC308010073FB6E /* Project object */ = {
			isa = PBXProject;
			attributes = {
				LastUpgradeCheck = 0700;
				ORGANIZATIONNAME = "James Payne";
				TargetAttributes = {
					38069AC21BC308010073FB6E = {
						CreatedOnToolsVersion = 7.0;
					};
				};
			};
			buildConfigurationList = 38069ABE1BC308010073FB6E /* Build configuration list for PBXProject "CS407-Lab5" */;
			compatibilityVersion = "Xcode 3.2";
			developmentRegion = English;
			hasScannedForEncodings = 0;
			knownRegions = (
				en,
				Base,
			);
			mainGroup = 38069ABA1BC308010073FB6E;
			productRefGroup = 38069AC41BC308010073FB6E /* Products */;
			projectDirPath = "";
			projectRoot = "";
			targets = (
				38069AC21BC308010073FB6E /* CS407-Lab5 */,
			);
		};
/* End PBXProject section */

/* Begin PBXResourcesBuildPhase section */
		38069AC11BC308010073FB6E /* Resources */ = {
			isa = PBXResourcesBuildPhase;
			buildActionMask = 2147483647;
			files = (
				38069AD11BC308010073FB6E /* LaunchScreen.storyboard in Resources */,
				38069ACE1BC308010073FB6E /* Assets.xcassets in Resources */,
				38069ACC1BC308010073FB6E /* Main.storyboard in Resources */,
			);
			runOnlyForDeploymentPostprocessing = 0;
		};
/* End PBXResourcesBuildPhase section */

/* Begin PBXSourcesBuildPhase section */
		38069ABF1BC308010073FB6E /* Sources */ = {
			isa = PBXSourcesBuildPhase;
			buildActionMask = 2147483647;
			files = (
				38069AC91BC308010073FB6E /* ViewController.swift in Sources */,
				38069AC71BC308010073FB6E /* AppDelegate.swift in Sources */,
			);
			runOnlyForDeploymentPostprocessing = 0;
		};
/* End PBXSourcesBuildPhase section */

/* Begin PBXVariantGroup section */
		38069ACA1BC308010073FB6E /* Main.storyboard */ = {
			isa = PBXVariantGroup;
			children = (
				38069ACB1BC308010073FB6E /* Base */,
			);
			name = Main.storyboard;
			sourceTree = "<group>";
		};
		38069ACF1BC308010073FB6E /* LaunchScreen.storyboard */ = {
			isa = PBXVariantGroup;
			children = (
				38069AD01BC308010073FB6E /* Base */,
			);
			name = LaunchScreen.storyboard;
			sourceTree = "<group>";
		};
/* End PBXVariantGroup section */

/* Begin XCBuildConfiguration section */
		38069AD31BC308010073FB6E /* Debug */ = {
			isa = XCBuildConfiguration;
			buildSettings = {
				ALWAYS_SEARCH_USER_PATHS = NO;
				CLANG_CXX_LANGUAGE_STANDARD = "gnu++0x";
				CLANG_CXX_LIBRARY = "libc++";
				CLANG_ENABLE_MODULES = YES;
				CLANG_ENABLE_OBJC_ARC = YES;
				CLANG_WARN_BOOL_CONVERSION = YES;
				CLANG_WARN_CONSTANT_CONVERSION = YES;
				CLANG_WARN_DIRECT_OBJC_ISA_USAGE = YES_ERROR;
				CLANG_WARN_EMPTY_BODY = YES;
				CLANG_WARN_ENUM_CONVERSION = YES;
				CLANG_WARN_INT_CONVERSION = YES;
				CLANG_WARN_OBJC_ROOT_CLASS = YES_ERROR;
				CLANG_WARN_UNREACHABLE_CODE = YES;
				CLANG_WARN__DUPLICATE_METHOD_MATCH = YES;
				"CODE_SIGN_IDENTITY[sdk=iphoneos*]" = "iPhone Developer";
				COPY_PHASE_STRIP = NO;
				DEBUG_INFORMATION_FORMAT = dwarf;
				ENABLE_STRICT_OBJC_MSGSEND = YES;
				ENABLE_TESTABILITY = YES;
				GCC_C_LANGUAGE_STANDARD = gnu99;
				GCC_DYNAMIC_NO_PIC = NO;
				GCC_NO_COMMON_BLOCKS = YES;
				GCC_OPTIMIZATION_LEVEL = 0;
				GCC_PREPROCESSOR_DEFINITIONS = (
					"DEBUG=1",
					"$(inherited)",
				);
				GCC_WARN_64_TO_32_BIT_CONVERSION = YES;
				GCC_WARN_ABOUT_RETURN_TYPE = YES_ERROR;
				GCC_WARN_UNDECLARED_SELECTOR = YES;
				GCC_WARN_UNINITIALIZED_AUTOS = YES_AGGRESSIVE;
				GCC_WARN_UNUSED_FUNCTION = YES;
				GCC_WARN_UNUSED_VARIABLE = YES;
				IPHONEOS_DEPLOYMENT_TARGET = 9.0;
				MTL_ENABLE_DEBUG_INFO = YES;
				ONLY_ACTIVE_ARCH = YES;
				SDKROOT = iphoneos;
				SWIFT_OPTIMIZATION_LEVEL = "-Onone";
			};
			name = Debug;
		};
		38069AD41BC308010073FB6E /* Release */ = {
			isa = XCBuildConfiguration;
			buildSettings = {
				ALWAYS_SEARCH_USER_PATHS = NO;
				CLANG_CXX_LANGUAGE_STANDARD = "gnu++0x";
				CLANG_CXX_LIBRARY = "libc++";
				CLANG_ENABLE_MODULES = YES;
				CLANG_ENABLE_OBJC_ARC = YES;
				CLANG_WARN_BOOL_CONVERSION = YES;
				CLANG_WARN_CONSTANT_CONVERSION = YES;
				CLANG_WARN_DIRECT_OBJC_ISA_USAGE = YES_ERROR;
				CLANG_WARN_EMPTY_BODY = YES;
				CLANG_WARN_ENUM_CONVERSION = YES;
				CLANG_WARN_INT_CONVERSION = YES;
				CLANG_WARN_OBJC_ROOT_CLASS = YES_ERROR;
				CLANG_WARN_UNREACHABLE_CODE = YES;
				CLANG_WARN__DUPLICATE_METHOD_MATCH = YES;
				"CODE_SIGN_IDENTITY[sdk=iphoneos*]" = "iPhone Developer";
				COPY_PHASE_STRIP = NO;
				DEBUG_INFORMATION_FORMAT = "dwarf-with-dsym";
				ENABLE_NS_ASSERTIONS = NO;
				ENABLE_STRICT_OBJC_MSGSEND = YES;
				GCC_C_LANGUAGE_STANDARD = gnu99;
				GCC_NO_COMMON_BLOCKS = YES;
				GCC_WARN_64_TO_32_BIT_CONVERSION = YES;
				GCC_WARN_ABOUT_RETURN_TYPE = YES_ERROR;
				GCC_WARN_UNDECLARED_SELECTOR = YES;
				GCC_WARN_UNINITIALIZED_AUTOS = YES_AGGRESSIVE;
				GCC_WARN_UNUSED_FUNCTION = YES;
				GCC_WARN_UNUSED_VARIABLE = YES;
				IPHONEOS_DEPLOYMENT_TARGET = 9.0;
				MTL_ENABLE_DEBUG_INFO = NO;
				SDKROOT = iphoneos;
				VALIDATE_PRODUCT = YES;
			};
			name = Release;
		};
		38069AD61BC308010073FB6E /* Debug */ = {
			isa = XCBuildConfiguration;
			buildSettings = {
				ASSETCATALOG_COMPILER_APPICON_NAME = AppIcon;
				INFOPLIST_FILE = "CS407-Lab5/Info.plist";
				LD_RUNPATH_SEARCH_PATHS = "$(inherited) @executable_path/Frameworks";
				PRODUCT_BUNDLE_IDENTIFIER = "com.payne.dev.CS407-Lab5";
				PRODUCT_NAME = "$(TARGET_NAME)";
			};
			name = Debug;
		};
		38069AD71BC308010073FB6E /* Release */ = {
			isa = XCBuildConfiguration;
			buildSettings = {
				ASSETCATALOG_COMPILER_APPICON_NAME = AppIcon;
				INFOPLIST_FILE = "CS407-Lab5/Info.plist";
				LD_RUNPATH_SEARCH_PATHS = "$(inherited) @executable_path/Frameworks";
				PRODUCT_BUNDLE_IDENTIFIER = "com.payne.dev.CS407-Lab5";
				PRODUCT_NAME = "$(TARGET_NAME)";
			};
			name = Release;
		};
/* End XCBuildConfiguration section */

/* Begin XCConfigurationList section */
		38069ABE1BC308010073FB6E /* Build configuration list for PBXProject "CS407-Lab5" */ = {
			isa = XCConfigurationList;
			buildConfigurations = (
				38069AD31BC308010073FB6E /* Debug */,
				38069AD41BC308010073FB6E /* Release */,
			);
			defaultConfigurationIsVisible = 0;
			defaultConfigurationName = Release;
		};
		38069AD51BC308010073FB6E /* Build configuration list for PBXNativeTarget "CS407-Lab5" */ = {
			isa = XCConfigurationList;
			buildConfigurations = (
				38069AD61BC308010073FB6E /* Debug */,
				38069AD71BC308010073FB6E /* Release */,
			);
			defaultConfigurationIsVisible = 0;
		};
/* End XCConfigurationList section */
	};
	rootObject = 38069ABB1BC308010073FB6E /* Project object */;
}
